
Microsoft Visual Studio Solution File, Format Version 12.00
# Visual Studio Version 16
VisualStudioVersion = 16.0.30621.155
MinimumVisualStudioVersion = 10.0.40219.1
Project("{FAE04EC0-301F-11D3-BF4B-00C04F79EFBC}") = "Cw1", "Cw1\Cw1.csproj", "{5A075CC4-DD20-4768-B61C-C16A8DB72CD3}"
EndProject
Global
	GlobalSection(SolutionConfigurationPlatforms) = preSolution
		Debug|Any CPU = Debug|Any CPU
		Release|Any CPU = Release|Any CPU
	EndGlobalSection
	GlobalSection(ProjectConfigurationPlatforms) = postSolution
		{5A075CC4-DD20-4768-B61C-C16A8DB72CD3}.Debug|Any CPU.ActiveCfg = Debug|Any CPU
		{5A075CC4-DD20-4768-B61C-C16A8DB72CD3}.Debug|Any CPU.Build.0 = Debug|Any CPU
		{5A075CC4-DD20-4768-B61C-C16A8DB72CD3}.Release|Any CPU.ActiveCfg = Release|Any CPU
		{5A075CC4-DD20-4768-B61C-C16A8DB72CD3}.Release|Any CPU.Build.0 = Release|Any CPU
	EndGlobalSection
	GlobalSection(SolutionProperties) = preSolution
		HideSolutionNode = FALSE
	EndGlobalSection
	GlobalSection(ExtensibilityGlobals) = postSolution
		SolutionGuid = {F46B4FC1-BE46-4AA4-B0E7-35088A9CA397}
	EndGlobalSection
EndGlobal
